// !$*UTF8*$!
{
	archiveVersion = 1;
	classes = {
	};
	objectVersion = 45;
	objects = {

/* Begin PBXBuildFile section */
		1DDD58160DA1D0A300B32029 /* MainMenu.xib in Resources */ = {isa = PBXBuildFile; fileRef = 1DDD58140DA1D0A300B32029 /* MainMenu.xib */; };
		8D11072B0486CEB800E47090 /* InfoPlist.strings in Resources */ = {isa = PBXBuildFile; fileRef = 089C165CFE840E0CC02AAC07 /* InfoPlist.strings */; };
		8D11072D0486CEB800E47090 /* main.m in Sources */ = {isa = PBXBuildFile; fileRef = 29B97316FDCFA39411CA2CEA /* main.m */; settings = {ATTRIBUTES = (); }; };
		8D11072F0486CEB800E47090 /* Cocoa.framework in Frameworks */ = {isa = PBXBuildFile; fileRef = 1058C7A1FEA54F0111CA2CBB /* Cocoa.framework */; };
		C921DB8A0F4AE1D8008A2505 /* ParamParser.m in Sources */ = {isa = PBXBuildFile; fileRef = C921DB890F4AE1D8008A2505 /* ParamParser.m */; };
		C921DBC70F4B03CF008A2505 /* BWToolkitFramework.framework in Frameworks */ = {isa = PBXBuildFile; fileRef = C921DBC60F4B03CF008A2505 /* BWToolkitFramework.framework */; };
		C921DBCB0F4B03E7008A2505 /* BWToolkitFramework.framework in Copy Frameworks */ = {isa = PBXBuildFile; fileRef = C921DBC60F4B03CF008A2505 /* BWToolkitFramework.framework */; };
		C921DC250F4B4D98008A2505 /* spike.icns in Resources */ = {isa = PBXBuildFile; fileRef = C921DC240F4B4D98008A2505 /* spike.icns */; };
		C92613A90F4C24FF00218378 /* LogDocument.m in Sources */ = {isa = PBXBuildFile; fileRef = C92613A80F4C24FF00218378 /* LogDocument.m */; };
		C92614390F4C32AE00218378 /* ParsingProgressController.m in Sources */ = {isa = PBXBuildFile; fileRef = C92614380F4C32AE00218378 /* ParsingProgressController.m */; };
		C92614830F4C45D800218378 /* LogDocument.xib in Resources */ = {isa = PBXBuildFile; fileRef = C926147F0F4C45D800218378 /* LogDocument.xib */; };
		C92614840F4C45D800218378 /* ParsingProgress.xib in Resources */ = {isa = PBXBuildFile; fileRef = C92614810F4C45D800218378 /* ParsingProgress.xib */; };
		C92614C10F4C591900218378 /* NSScanner+SpikeAdditions.m in Sources */ = {isa = PBXBuildFile; fileRef = C92614C00F4C591900218378 /* NSScanner+SpikeAdditions.m */; };
		C9592FB60F483CF5004A49FA /* RequestDetails.xib in Resources */ = {isa = PBXBuildFile; fileRef = C9592FB40F483CF5004A49FA /* RequestDetails.xib */; };
		C9592FBB0F483D45004A49FA /* TDParseKit.framework in Frameworks */ = {isa = PBXBuildFile; fileRef = C9592FBA0F483D45004A49FA /* TDParseKit.framework */; };
		C9592FBE0F483D4B004A49FA /* TDParseKit.framework in Copy Frameworks */ = {isa = PBXBuildFile; fileRef = C9592FBA0F483D45004A49FA /* TDParseKit.framework */; };
		C959306A0F4871B0004A49FA /* HaltedColumnTransformer.m in Sources */ = {isa = PBXBuildFile; fileRef = C95930690F4871B0004A49FA /* HaltedColumnTransformer.m */; };
		C95930A70F48AE54004A49FA /* Sparkle.framework in Frameworks */ = {isa = PBXBuildFile; fileRef = C95930A60F48AE54004A49FA /* Sparkle.framework */; };
		C95930AD0F48AEE3004A49FA /* Sparkle.framework in Copy Frameworks */ = {isa = PBXBuildFile; fileRef = C95930A60F48AE54004A49FA /* Sparkle.framework */; };
		C95930BB0F48B4AF004A49FA /* dsa_pub.pem in Resources */ = {isa = PBXBuildFile; fileRef = C95930BA0F48B4AF004A49FA /* dsa_pub.pem */; };
		C9AAECF60F46D05D00D6C171 /* HashParser.m in Sources */ = {isa = PBXBuildFile; fileRef = C9AAECF50F46D05D00D6C171 /* HashParser.m */; };
		C9AAED650F46EF0900D6C171 /* NSArray+TDParseKitAdditions.m in Sources */ = {isa = PBXBuildFile; fileRef = C9AAED620F46EF0900D6C171 /* NSArray+TDParseKitAdditions.m */; };
		C9AAED660F46EF0900D6C171 /* NSString+TDParseKitAdditions.m in Sources */ = {isa = PBXBuildFile; fileRef = C9AAED640F46EF0900D6C171 /* NSString+TDParseKitAdditions.m */; };
		C9AAEDD70F4781C500D6C171 /* Parameter.m in Sources */ = {isa = PBXBuildFile; fileRef = C9AAEDD60F4781C500D6C171 /* Parameter.m */; };
		C9AAEE1E0F479DFF00D6C171 /* RequestDetailsController.m in Sources */ = {isa = PBXBuildFile; fileRef = C9AAEE1D0F479DFF00D6C171 /* RequestDetailsController.m */; };
		C9EEFC290F45B59900054345 /* RailsRequest.m in Sources */ = {isa = PBXBuildFile; fileRef = C9EEFC280F45B59900054345 /* RailsRequest.m */; };
		C9EEFC2E0F45B5A300054345 /* LogParser.m in Sources */ = {isa = PBXBuildFile; fileRef = C9EEFC2D0F45B5A300054345 /* LogParser.m */; };
		C9EEFC510F45C82000054345 /* AppController.m in Sources */ = {isa = PBXBuildFile; fileRef = C9EEFC500F45C82000054345 /* AppController.m */; };
/* End PBXBuildFile section */

/* Begin PBXCopyFilesBuildPhase section */
		C9AAECEB0F46CE3E00D6C171 /* Copy Frameworks */ = {
			isa = PBXCopyFilesBuildPhase;
			buildActionMask = 2147483647;
			dstPath = "";
			dstSubfolderSpec = 10;
			files = (
				C921DBCB0F4B03E7008A2505 /* BWToolkitFramework.framework in Copy Frameworks */,
				C95930AD0F48AEE3004A49FA /* Sparkle.framework in Copy Frameworks */,
				C9592FBE0F483D4B004A49FA /* TDParseKit.framework in Copy Frameworks */,
			);
			name = "Copy Frameworks";
			runOnlyForDeploymentPostprocessing = 0;
		};
/* End PBXCopyFilesBuildPhase section */

/* Begin PBXFileReference section */
		089C165DFE840E0CC02AAC07 /* English */ = {isa = PBXFileReference; fileEncoding = 10; lastKnownFileType = text.plist.strings; name = English; path = English.lproj/InfoPlist.strings; sourceTree = "<group>"; };
		1058C7A1FEA54F0111CA2CBB /* Cocoa.framework */ = {isa = PBXFileReference; lastKnownFileType = wrapper.framework; name = Cocoa.framework; path = /System/Library/Frameworks/Cocoa.framework; sourceTree = "<absolute>"; };
		13E42FB307B3F0F600E4EEF1 /* CoreData.framework */ = {isa = PBXFileReference; lastKnownFileType = wrapper.framework; name = CoreData.framework; path = /System/Library/Frameworks/CoreData.framework; sourceTree = "<absolute>"; };
		1DDD58150DA1D0A300B32029 /* English */ = {isa = PBXFileReference; lastKnownFileType = file.xib; name = English; path = English.lproj/MainMenu.xib; sourceTree = "<group>"; };
		29B97316FDCFA39411CA2CEA /* main.m */ = {isa = PBXFileReference; fileEncoding = 4; lastKnownFileType = sourcecode.c.objc; path = main.m; sourceTree = "<group>"; };
		29B97324FDCFA39411CA2CEA /* AppKit.framework */ = {isa = PBXFileReference; lastKnownFileType = wrapper.framework; name = AppKit.framework; path = /System/Library/Frameworks/AppKit.framework; sourceTree = "<absolute>"; };
		29B97325FDCFA39411CA2CEA /* Foundation.framework */ = {isa = PBXFileReference; lastKnownFileType = wrapper.framework; name = Foundation.framework; path = /System/Library/Frameworks/Foundation.framework; sourceTree = "<absolute>"; };
		32CA4F630368D1EE00C91783 /* Spike_Prefix.pch */ = {isa = PBXFileReference; fileEncoding = 4; lastKnownFileType = sourcecode.c.h; path = Spike_Prefix.pch; sourceTree = "<group>"; };
		8D1107310486CEB800E47090 /* Info.plist */ = {isa = PBXFileReference; fileEncoding = 4; lastKnownFileType = text.plist.xml; path = Info.plist; sourceTree = "<group>"; };
		8D1107320486CEB800E47090 /* Spike.app */ = {isa = PBXFileReference; explicitFileType = wrapper.application; includeInIndex = 0; path = Spike.app; sourceTree = BUILT_PRODUCTS_DIR; };
		C921DB880F4AE1D8008A2505 /* ParamParser.h */ = {isa = PBXFileReference; fileEncoding = 4; lastKnownFileType = sourcecode.c.h; path = ParamParser.h; sourceTree = "<group>"; };
		C921DB890F4AE1D8008A2505 /* ParamParser.m */ = {isa = PBXFileReference; fileEncoding = 4; lastKnownFileType = sourcecode.c.objc; path = ParamParser.m; sourceTree = "<group>"; };
		C921DBC60F4B03CF008A2505 /* BWToolkitFramework.framework */ = {isa = PBXFileReference; lastKnownFileType = wrapper.framework; name = BWToolkitFramework.framework; path = frameworks/BWToolkitFramework.framework; sourceTree = "<group>"; };
		C921DC240F4B4D98008A2505 /* spike.icns */ = {isa = PBXFileReference; lastKnownFileType = image.icns; path = spike.icns; sourceTree = "<group>"; };
		C92613A70F4C24FF00218378 /* LogDocument.h */ = {isa = PBXFileReference; fileEncoding = 4; lastKnownFileType = sourcecode.c.h; path = LogDocument.h; sourceTree = "<group>"; };
		C92613A80F4C24FF00218378 /* LogDocument.m */ = {isa = PBXFileReference; fileEncoding = 4; lastKnownFileType = sourcecode.c.objc; path = LogDocument.m; sourceTree = "<group>"; };
		C92614370F4C32AE00218378 /* ParsingProgressController.h */ = {isa = PBXFileReference; fileEncoding = 4; lastKnownFileType = sourcecode.c.h; path = ParsingProgressController.h; sourceTree = "<group>"; };
		C92614380F4C32AE00218378 /* ParsingProgressController.m */ = {isa = PBXFileReference; fileEncoding = 4; lastKnownFileType = sourcecode.c.objc; path = ParsingProgressController.m; sourceTree = "<group>"; };
		C92614800F4C45D800218378 /* English */ = {isa = PBXFileReference; lastKnownFileType = file.xib; name = English; path = English.lproj/LogDocument.xib; sourceTree = "<group>"; };
		C92614820F4C45D800218378 /* English */ = {isa = PBXFileReference; lastKnownFileType = file.xib; name = English; path = English.lproj/ParsingProgress.xib; sourceTree = "<group>"; };
		C92614BF0F4C591900218378 /* NSScanner+SpikeAdditions.h */ = {isa = PBXFileReference; fileEncoding = 4; lastKnownFileType = sourcecode.c.h; path = "NSScanner+SpikeAdditions.h"; sourceTree = "<group>"; };
		C92614C00F4C591900218378 /* NSScanner+SpikeAdditions.m */ = {isa = PBXFileReference; fileEncoding = 4; lastKnownFileType = sourcecode.c.objc; path = "NSScanner+SpikeAdditions.m"; sourceTree = "<group>"; };
		C9592FB50F483CF5004A49FA /* English */ = {isa = PBXFileReference; lastKnownFileType = file.xib; name = English; path = English.lproj/RequestDetails.xib; sourceTree = "<group>"; };
		C9592FBA0F483D45004A49FA /* TDParseKit.framework */ = {isa = PBXFileReference; lastKnownFileType = wrapper.framework; name = TDParseKit.framework; path = frameworks/TDParseKit.framework; sourceTree = "<group>"; };
		C95930680F4871B0004A49FA /* HaltedColumnTransformer.h */ = {isa = PBXFileReference; fileEncoding = 4; lastKnownFileType = sourcecode.c.h; path = HaltedColumnTransformer.h; sourceTree = "<group>"; };
		C95930690F4871B0004A49FA /* HaltedColumnTransformer.m */ = {isa = PBXFileReference; fileEncoding = 4; lastKnownFileType = sourcecode.c.objc; path = HaltedColumnTransformer.m; sourceTree = "<group>"; };
		C95930A60F48AE54004A49FA /* Sparkle.framework */ = {isa = PBXFileReference; lastKnownFileType = wrapper.framework; name = Sparkle.framework; path = frameworks/Sparkle.framework; sourceTree = "<group>"; };
		C95930BA0F48B4AF004A49FA /* dsa_pub.pem */ = {isa = PBXFileReference; fileEncoding = 4; lastKnownFileType = text; path = dsa_pub.pem; sourceTree = "<group>"; };
		C9AAECF40F46D05D00D6C171 /* HashParser.h */ = {isa = PBXFileReference; fileEncoding = 4; lastKnownFileType = sourcecode.c.h; path = HashParser.h; sourceTree = "<group>"; };
		C9AAECF50F46D05D00D6C171 /* HashParser.m */ = {isa = PBXFileReference; fileEncoding = 4; lastKnownFileType = sourcecode.c.objc; path = HashParser.m; sourceTree = "<group>"; };
		C9AAED610F46EF0900D6C171 /* NSArray+TDParseKitAdditions.h */ = {isa = PBXFileReference; fileEncoding = 4; lastKnownFileType = sourcecode.c.h; path = "NSArray+TDParseKitAdditions.h"; sourceTree = "<group>"; };
		C9AAED620F46EF0900D6C171 /* NSArray+TDParseKitAdditions.m */ = {isa = PBXFileReference; fileEncoding = 4; lastKnownFileType = sourcecode.c.objc; path = "NSArray+TDParseKitAdditions.m"; sourceTree = "<group>"; };
		C9AAED630F46EF0900D6C171 /* NSString+TDParseKitAdditions.h */ = {isa = PBXFileReference; fileEncoding = 4; lastKnownFileType = sourcecode.c.h; path = "NSString+TDParseKitAdditions.h"; sourceTree = "<group>"; };
		C9AAED640F46EF0900D6C171 /* NSString+TDParseKitAdditions.m */ = {isa = PBXFileReference; fileEncoding = 4; lastKnownFileType = sourcecode.c.objc; path = "NSString+TDParseKitAdditions.m"; sourceTree = "<group>"; };
		C9AAEDD50F4781C500D6C171 /* Parameter.h */ = {isa = PBXFileReference; fileEncoding = 4; lastKnownFileType = sourcecode.c.h; path = Parameter.h; sourceTree = "<group>"; };
		C9AAEDD60F4781C500D6C171 /* Parameter.m */ = {isa = PBXFileReference; fileEncoding = 4; lastKnownFileType = sourcecode.c.objc; path = Parameter.m; sourceTree = "<group>"; };
		C9AAEE1C0F479DFF00D6C171 /* RequestDetailsController.h */ = {isa = PBXFileReference; fileEncoding = 4; lastKnownFileType = sourcecode.c.h; path = RequestDetailsController.h; sourceTree = "<group>"; };
		C9AAEE1D0F479DFF00D6C171 /* RequestDetailsController.m */ = {isa = PBXFileReference; fileEncoding = 4; lastKnownFileType = sourcecode.c.objc; path = RequestDetailsController.m; sourceTree = "<group>"; };
		C9EEFC270F45B59900054345 /* RailsRequest.h */ = {isa = PBXFileReference; fileEncoding = 4; lastKnownFileType = sourcecode.c.h; path = RailsRequest.h; sourceTree = "<group>"; };
		C9EEFC280F45B59900054345 /* RailsRequest.m */ = {isa = PBXFileReference; fileEncoding = 4; lastKnownFileType = sourcecode.c.objc; path = RailsRequest.m; sourceTree = "<group>"; };
		C9EEFC2C0F45B5A300054345 /* LogParser.h */ = {isa = PBXFileReference; fileEncoding = 4; lastKnownFileType = sourcecode.c.h; path = LogParser.h; sourceTree = "<group>"; };
		C9EEFC2D0F45B5A300054345 /* LogParser.m */ = {isa = PBXFileReference; fileEncoding = 4; lastKnownFileType = sourcecode.c.objc; path = LogParser.m; sourceTree = "<group>"; };
		C9EEFC4F0F45C82000054345 /* AppController.h */ = {isa = PBXFileReference; fileEncoding = 4; lastKnownFileType = sourcecode.c.h; path = AppController.h; sourceTree = "<group>"; };
		C9EEFC500F45C82000054345 /* AppController.m */ = {isa = PBXFileReference; fileEncoding = 4; lastKnownFileType = sourcecode.c.objc; path = AppController.m; sourceTree = "<group>"; };
/* End PBXFileReference section */

/* Begin PBXFrameworksBuildPhase section */
		8D11072E0486CEB800E47090 /* Frameworks */ = {
			isa = PBXFrameworksBuildPhase;
			buildActionMask = 2147483647;
			files = (
				8D11072F0486CEB800E47090 /* Cocoa.framework in Frameworks */,
				C9592FBB0F483D45004A49FA /* TDParseKit.framework in Frameworks */,
				C95930A70F48AE54004A49FA /* Sparkle.framework in Frameworks */,
				C921DBC70F4B03CF008A2505 /* BWToolkitFramework.framework in Frameworks */,
			);
			runOnlyForDeploymentPostprocessing = 0;
		};
/* End PBXFrameworksBuildPhase section */

/* Begin PBXGroup section */
		080E96DDFE201D6D7F000001 /* Classes */ = {
			isa = PBXGroup;
			children = (
				C9AAED610F46EF0900D6C171 /* NSArray+TDParseKitAdditions.h */,
				C9AAED620F46EF0900D6C171 /* NSArray+TDParseKitAdditions.m */,
				C9AAED630F46EF0900D6C171 /* NSString+TDParseKitAdditions.h */,
				C9AAED640F46EF0900D6C171 /* NSString+TDParseKitAdditions.m */,
				C9AAECF40F46D05D00D6C171 /* HashParser.h */,
				C9AAECF50F46D05D00D6C171 /* HashParser.m */,
				C9EEFC270F45B59900054345 /* RailsRequest.h */,
				C9EEFC280F45B59900054345 /* RailsRequest.m */,
				C9EEFC2C0F45B5A300054345 /* LogParser.h */,
				C9EEFC2D0F45B5A300054345 /* LogParser.m */,
				C9EEFC4F0F45C82000054345 /* AppController.h */,
				C9EEFC500F45C82000054345 /* AppController.m */,
				C9AAEDD50F4781C500D6C171 /* Parameter.h */,
				C9AAEDD60F4781C500D6C171 /* Parameter.m */,
				C9AAEE1C0F479DFF00D6C171 /* RequestDetailsController.h */,
				C9AAEE1D0F479DFF00D6C171 /* RequestDetailsController.m */,
				C95930680F4871B0004A49FA /* HaltedColumnTransformer.h */,
				C95930690F4871B0004A49FA /* HaltedColumnTransformer.m */,
				C921DB880F4AE1D8008A2505 /* ParamParser.h */,
				C921DB890F4AE1D8008A2505 /* ParamParser.m */,
				C92613A70F4C24FF00218378 /* LogDocument.h */,
				C92613A80F4C24FF00218378 /* LogDocument.m */,
				C92614370F4C32AE00218378 /* ParsingProgressController.h */,
				C92614380F4C32AE00218378 /* ParsingProgressController.m */,
				C92614BF0F4C591900218378 /* NSScanner+SpikeAdditions.h */,
				C92614C00F4C591900218378 /* NSScanner+SpikeAdditions.m */,
			);
			name = Classes;
			sourceTree = "<group>";
		};
		1058C7A0FEA54F0111CA2CBB /* Linked Frameworks */ = {
			isa = PBXGroup;
			children = (
				C921DBC60F4B03CF008A2505 /* BWToolkitFramework.framework */,
				C95930A60F48AE54004A49FA /* Sparkle.framework */,
				C9592FBA0F483D45004A49FA /* TDParseKit.framework */,
				1058C7A1FEA54F0111CA2CBB /* Cocoa.framework */,
			);
			name = "Linked Frameworks";
			sourceTree = "<group>";
		};
		1058C7A2FEA54F0111CA2CBB /* Other Frameworks */ = {
			isa = PBXGroup;
			children = (
				29B97324FDCFA39411CA2CEA /* AppKit.framework */,
				13E42FB307B3F0F600E4EEF1 /* CoreData.framework */,
				29B97325FDCFA39411CA2CEA /* Foundation.framework */,
			);
			name = "Other Frameworks";
			sourceTree = "<group>";
		};
		19C28FACFE9D520D11CA2CBB /* Products */ = {
			isa = PBXGroup;
			children = (
				8D1107320486CEB800E47090 /* Spike.app */,
			);
			name = Products;
			sourceTree = "<group>";
		};
		29B97314FDCFA39411CA2CEA /* Spike */ = {
			isa = PBXGroup;
			children = (
				080E96DDFE201D6D7F000001 /* Classes */,
				29B97315FDCFA39411CA2CEA /* Other Sources */,
				29B97317FDCFA39411CA2CEA /* Resources */,
				29B97323FDCFA39411CA2CEA /* Frameworks */,
				19C28FACFE9D520D11CA2CBB /* Products */,
			);
			name = Spike;
			sourceTree = "<group>";
		};
		29B97315FDCFA39411CA2CEA /* Other Sources */ = {
			isa = PBXGroup;
			children = (
				32CA4F630368D1EE00C91783 /* Spike_Prefix.pch */,
				29B97316FDCFA39411CA2CEA /* main.m */,
			);
			name = "Other Sources";
			sourceTree = "<group>";
		};
		29B97317FDCFA39411CA2CEA /* Resources */ = {
			isa = PBXGroup;
			children = (
				C926147F0F4C45D800218378 /* LogDocument.xib */,
				C92614810F4C45D800218378 /* ParsingProgress.xib */,
				C921DC240F4B4D98008A2505 /* spike.icns */,
				C95930BA0F48B4AF004A49FA /* dsa_pub.pem */,
				C9592FB40F483CF5004A49FA /* RequestDetails.xib */,
				8D1107310486CEB800E47090 /* Info.plist */,
				089C165CFE840E0CC02AAC07 /* InfoPlist.strings */,
				1DDD58140DA1D0A300B32029 /* MainMenu.xib */,
			);
			name = Resources;
			sourceTree = "<group>";
		};
		29B97323FDCFA39411CA2CEA /* Frameworks */ = {
			isa = PBXGroup;
			children = (
				1058C7A0FEA54F0111CA2CBB /* Linked Frameworks */,
				1058C7A2FEA54F0111CA2CBB /* Other Frameworks */,
			);
			name = Frameworks;
			sourceTree = "<group>";
		};
/* End PBXGroup section */

/* Begin PBXNativeTarget section */
		8D1107260486CEB800E47090 /* Spike */ = {
			isa = PBXNativeTarget;
			buildConfigurationList = C01FCF4A08A954540054247B /* Build configuration list for PBXNativeTarget "Spike" */;
			buildPhases = (
				8D1107290486CEB800E47090 /* Resources */,
				8D11072C0486CEB800E47090 /* Sources */,
				8D11072E0486CEB800E47090 /* Frameworks */,
				C9AAECEB0F46CE3E00D6C171 /* Copy Frameworks */,
			);
			buildRules = (
			);
			dependencies = (
			);
			name = Spike;
			productInstallPath = "$(HOME)/Applications";
			productName = Spike;
			productReference = 8D1107320486CEB800E47090 /* Spike.app */;
			productType = "com.apple.product-type.application";
		};
/* End PBXNativeTarget section */

/* Begin PBXProject section */
		29B97313FDCFA39411CA2CEA /* Project object */ = {
			isa = PBXProject;
			buildConfigurationList = C01FCF4E08A954540054247B /* Build configuration list for PBXProject "Spike" */;
			compatibilityVersion = "Xcode 3.1";
			hasScannedForEncodings = 1;
			mainGroup = 29B97314FDCFA39411CA2CEA /* Spike */;
			projectDirPath = "";
			projectRoot = "";
			targets = (
				8D1107260486CEB800E47090 /* Spike */,
			);
		};
/* End PBXProject section */

/* Begin PBXResourcesBuildPhase section */
		8D1107290486CEB800E47090 /* Resources */ = {
			isa = PBXResourcesBuildPhase;
			buildActionMask = 2147483647;
			files = (
				8D11072B0486CEB800E47090 /* InfoPlist.strings in Resources */,
				1DDD58160DA1D0A300B32029 /* MainMenu.xib in Resources */,
				C9592FB60F483CF5004A49FA /* RequestDetails.xib in Resources */,
				C95930BB0F48B4AF004A49FA /* dsa_pub.pem in Resources */,
				C921DC250F4B4D98008A2505 /* spike.icns in Resources */,
				C92614830F4C45D800218378 /* LogDocument.xib in Resources */,
				C92614840F4C45D800218378 /* ParsingProgress.xib in Resources */,
			);
			runOnlyForDeploymentPostprocessing = 0;
		};
/* End PBXResourcesBuildPhase section */

/* Begin PBXSourcesBuildPhase section */
		8D11072C0486CEB800E47090 /* Sources */ = {
			isa = PBXSourcesBuildPhase;
			buildActionMask = 2147483647;
			files = (
				8D11072D0486CEB800E47090 /* main.m in Sources */,
				C9EEFC290F45B59900054345 /* RailsRequest.m in Sources */,
				C9EEFC2E0F45B5A300054345 /* LogParser.m in Sources */,
				C9EEFC510F45C82000054345 /* AppController.m in Sources */,
				C9AAECF60F46D05D00D6C171 /* HashParser.m in Sources */,
				C9AAED650F46EF0900D6C171 /* NSArray+TDParseKitAdditions.m in Sources */,
				C9AAED660F46EF0900D6C171 /* NSString+TDParseKitAdditions.m in Sources */,
				C9AAEDD70F4781C500D6C171 /* Parameter.m in Sources */,
				C9AAEE1E0F479DFF00D6C171 /* RequestDetailsController.m in Sources */,
				C959306A0F4871B0004A49FA /* HaltedColumnTransformer.m in Sources */,
				C921DB8A0F4AE1D8008A2505 /* ParamParser.m in Sources */,
				C92613A90F4C24FF00218378 /* LogDocument.m in Sources */,
				C92614390F4C32AE00218378 /* ParsingProgressController.m in Sources */,
				C92614C10F4C591900218378 /* NSScanner+SpikeAdditions.m in Sources */,
			);
			runOnlyForDeploymentPostprocessing = 0;
		};
/* End PBXSourcesBuildPhase section */

/* Begin PBXVariantGroup section */
		089C165CFE840E0CC02AAC07 /* InfoPlist.strings */ = {
			isa = PBXVariantGroup;
			children = (
				089C165DFE840E0CC02AAC07 /* English */,
			);
			name = InfoPlist.strings;
			sourceTree = "<group>";
		};
		1DDD58140DA1D0A300B32029 /* MainMenu.xib */ = {
			isa = PBXVariantGroup;
			children = (
				1DDD58150DA1D0A300B32029 /* English */,
			);
			name = MainMenu.xib;
			sourceTree = "<group>";
		};
		C926147F0F4C45D800218378 /* LogDocument.xib */ = {
			isa = PBXVariantGroup;
			children = (
				C92614800F4C45D800218378 /* English */,
			);
			name = LogDocument.xib;
			sourceTree = "<group>";
		};
		C92614810F4C45D800218378 /* ParsingProgress.xib */ = {
			isa = PBXVariantGroup;
			children = (
				C92614820F4C45D800218378 /* English */,
			);
			name = ParsingProgress.xib;
			sourceTree = "<group>";
		};
		C9592FB40F483CF5004A49FA /* RequestDetails.xib */ = {
			isa = PBXVariantGroup;
			children = (
				C9592FB50F483CF5004A49FA /* English */,
			);
			name = RequestDetails.xib;
			sourceTree = "<group>";
		};
/* End PBXVariantGroup section */

/* Begin XCBuildConfiguration section */
		C01FCF4B08A954540054247B /* Debug */ = {
			isa = XCBuildConfiguration;
			buildSettings = {
				ALWAYS_SEARCH_USER_PATHS = NO;
				COPY_PHASE_STRIP = NO;
				FRAMEWORK_SEARCH_PATHS = (
					"$(inherited)",
					"\"$(SRCROOT)\"",
					"\"$(SRCROOT)/frameworks\"",
				);
				GCC_DYNAMIC_NO_PIC = NO;
				GCC_ENABLE_FIX_AND_CONTINUE = YES;
				GCC_ENABLE_OBJC_GC = required;
				GCC_MODEL_TUNING = G5;
				GCC_OPTIMIZATION_LEVEL = 0;
				GCC_PRECOMPILE_PREFIX_HEADER = YES;
				GCC_PREFIX_HEADER = Spike_Prefix.pch;
				INFOPLIST_FILE = Info.plist;
				INSTALL_PATH = "$(HOME)/Applications";
				PRODUCT_NAME = Spike;
				WARNING_CFLAGS = "-Wall";
			};
			name = Debug;
		};
		C01FCF4C08A954540054247B /* Release */ = {
			isa = XCBuildConfiguration;
			buildSettings = {
				ALWAYS_SEARCH_USER_PATHS = NO;
				DEBUG_INFORMATION_FORMAT = "dwarf-with-dsym";
				FRAMEWORK_SEARCH_PATHS = (
					"$(inherited)",
					"\"$(SRCROOT)\"",
					"\"$(SRCROOT)/frameworks\"",
				);
				GCC_ENABLE_OBJC_GC = required;
				GCC_MODEL_TUNING = G5;
				GCC_PRECOMPILE_PREFIX_HEADER = YES;
				GCC_PREFIX_HEADER = Spike_Prefix.pch;
				INFOPLIST_FILE = Info.plist;
				INSTALL_PATH = "$(HOME)/Applications";
				PRODUCT_NAME = Spike;
				WARNING_CFLAGS = "-Wall";
			};
			name = Release;
		};
		C01FCF4F08A954540054247B /* Debug */ = {
			isa = XCBuildConfiguration;
			buildSettings = {
				ARCHS = "$(ARCHS_STANDARD_32_BIT)";
				GCC_C_LANGUAGE_STANDARD = c99;
				GCC_ENABLE_OBJC_GC = required;
				GCC_OPTIMIZATION_LEVEL = 0;
				GCC_WARN_ABOUT_RETURN_TYPE = YES;
				GCC_WARN_UNUSED_VARIABLE = YES;
				ONLY_ACTIVE_ARCH = YES;
				PREBINDING = NO;
				SDKROOT = macosx10.5;
				WARNING_CFLAGS = "-Wall";
			};
			name = Debug;
		};
		C01FCF5008A954540054247B /* Release */ = {
			isa = XCBuildConfiguration;
			buildSettings = {
				ARCHS = "$(ARCHS_STANDARD_32_BIT)";
				GCC_C_LANGUAGE_STANDARD = c99;
				GCC_WARN_ABOUT_RETURN_TYPE = YES;
				GCC_WARN_UNUSED_VARIABLE = YES;
				PREBINDING = NO;
				SDKROOT = macosx10.5;
			};
			name = Release;
		};
/* End XCBuildConfiguration section */

/* Begin XCConfigurationList section */
		C01FCF4A08A954540054247B /* Build configuration list for PBXNativeTarget "Spike" */ = {
			isa = XCConfigurationList;
			buildConfigurations = (
				C01FCF4B08A954540054247B /* Debug */,
				C01FCF4C08A954540054247B /* Release */,
			);
			defaultConfigurationIsVisible = 0;
			defaultConfigurationName = Release;
		};
		C01FCF4E08A954540054247B /* Build configuration list for PBXProject "Spike" */ = {
			isa = XCConfigurationList;
			buildConfigurations = (
				C01FCF4F08A954540054247B /* Debug */,
				C01FCF5008A954540054247B /* Release */,
			);
			defaultConfigurationIsVisible = 0;
			defaultConfigurationName = Release;
		};
/* End XCConfigurationList section */
	};
	rootObject = 29B97313FDCFA39411CA2CEA /* Project object */;
}
